// !$*UTF8*$!
{ archiveVersion = 1; classes = {}; objectVersion = 56; objects = {
5BB701732AAD56DF2B27C1E9 = { isa = PBXFileReference; lastKnownFileType = sourcecode.swift; path = "OpenAIUsageSentinel/App/OpenAIUsageSentinelApp.swift"; sourceTree = SOURCE_ROOT; };
8C8598D77D256B2D6C54CAFC = { isa = PBXBuildFile; fileRef = 5BB701732AAD56DF2B27C1E9; };
046B1CA5D9DAE5700F688F05 = { isa = PBXFileReference; lastKnownFileType = sourcecode.swift; path = "OpenAIUsageSentinel/App/WindowCoordinator.swift"; sourceTree = SOURCE_ROOT; };
CFA4902532C39161A00444AE = { isa = PBXBuildFile; fileRef = 046B1CA5D9DAE5700F688F05; };
FE43CD6269CEF605C8A82E07 = { isa = PBXFileReference; lastKnownFileType = sourcecode.swift; path = "OpenAIUsageSentinel/Models/ResetEvent.swift"; sourceTree = SOURCE_ROOT; };
847A5D8465EC1BE35C565F5E = { isa = PBXBuildFile; fileRef = FE43CD6269CEF605C8A82E07; };
30D8A3B16C34424037A7B0C8 = { isa = PBXFileReference; lastKnownFileType = sourcecode.swift; path = "OpenAIUsageSentinel/Models/Settings.swift"; sourceTree = SOURCE_ROOT; };
E7C40F6602160819F0FF50D2 = { isa = PBXBuildFile; fileRef = 30D8A3B16C34424037A7B0C8; };
3B50971D0FF3F36B9AA0A08F = { isa = PBXFileReference; lastKnownFileType = sourcecode.swift; path = "OpenAIUsageSentinel/Models/Usage.swift"; sourceTree = SOURCE_ROOT; };
0469220517ECA02E69ECFD06 = { isa = PBXBuildFile; fileRef = 3B50971D0FF3F36B9AA0A08F; };
4892652FC0221C30A24914E8 = { isa = PBXFileReference; lastKnownFileType = sourcecode.swift; path = "OpenAIUsageSentinel/Persistence/LocalDatabase.swift"; sourceTree = SOURCE_ROOT; };
02A66BDD60FB6006D2FDF816 = { isa = PBXBuildFile; fileRef = 4892652FC0221C30A24914E8; };
2E4FE8A5A33E93E92C3EF9B2 = { isa = PBXFileReference; lastKnownFileType = sourcecode.swift; path = "OpenAIUsageSentinel/Services/Detection/DemoScenarios.swift"; sourceTree = SOURCE_ROOT; };
D5A0B9439725FC8C90B39414 = { isa = PBXBuildFile; fileRef = 2E4FE8A5A33E93E92C3EF9B2; };
052549553E6AF6FC94AF1569 = { isa = PBXFileReference; lastKnownFileType = sourcecode.swift; path = "OpenAIUsageSentinel/Services/Detection/EventEngine.swift"; sourceTree = SOURCE_ROOT; };
5B129203FE61E5ED46B69330 = { isa = PBXBuildFile; fileRef = 052549553E6AF6FC94AF1569; };
7DEE71DA0A36BE696F19A0AA = { isa = PBXFileReference; lastKnownFileType = sourcecode.swift; path = "OpenAIUsageSentinel/Services/Detection/PersonalResetDetector.swift"; sourceTree = SOURCE_ROOT; };
219DF71662CC53DD8CA04D14 = { isa = PBXBuildFile; fileRef = 7DEE71DA0A36BE696F19A0AA; };
B38609EA90EFFD9FB768CC1E = { isa = PBXFileReference; lastKnownFileType = sourcecode.swift; path = "OpenAIUsageSentinel/Services/Detection/SignalClassifier.swift"; sourceTree = SOURCE_ROOT; };
76DE34EE521E66D1A3E27A82 = { isa = PBXBuildFile; fileRef = B38609EA90EFFD9FB768CC1E; };
9D0FD4D905B322B68E99FDB3 = { isa = PBXFileReference; lastKnownFileType = sourcecode.swift; path = "OpenAIUsageSentinel/Services/Detection/UsageReminderEngine.swift"; sourceTree = SOURCE_ROOT; };
AB75CDB0C51FFAA05DF2DB77 = { isa = PBXBuildFile; fileRef = 9D0FD4D905B322B68E99FDB3; };
0121375DE96F31FECCDB4583 = { isa = PBXFileReference; lastKnownFileType = sourcecode.swift; path = "OpenAIUsageSentinel/Services/News/FeedParser.swift"; sourceTree = SOURCE_ROOT; };
1EDEC7D1271E07EA15168FDF = { isa = PBXBuildFile; fileRef = 0121375DE96F31FECCDB4583; };
F2383CB86A1E555E8C68A74D = { isa = PBXFileReference; lastKnownFileType = sourcecode.swift; path = "OpenAIUsageSentinel/Services/News/HTTPClient.swift"; sourceTree = SOURCE_ROOT; };
54623CD474A4F9520B22BA32 = { isa = PBXBuildFile; fileRef = F2383CB86A1E555E8C68A74D; };
6D3237B82FA0860FEA42CC0C = { isa = PBXFileReference; lastKnownFileType = sourcecode.swift; path = "OpenAIUsageSentinel/Services/News/ResetSignalSource.swift"; sourceTree = SOURCE_ROOT; };
01FCD22372B790B9A0A09A8C = { isa = PBXBuildFile; fileRef = 6D3237B82FA0860FEA42CC0C; };
EFF5C1D965E90268FB20DB2B = { isa = PBXFileReference; lastKnownFileType = sourcecode.swift; path = "OpenAIUsageSentinel/Services/Notifications/NotificationService.swift"; sourceTree = SOURCE_ROOT; };
7EDE2B50EA30E0CB67EB6278 = { isa = PBXBuildFile; fileRef = EFF5C1D965E90268FB20DB2B; };
18E0974111CF5434D2F410C8 = { isa = PBXFileReference; lastKnownFileType = sourcecode.swift; path = "OpenAIUsageSentinel/Services/Usage/AgentUsageProvider.swift"; sourceTree = SOURCE_ROOT; };
85CD2807DC9894E6E70A0E7C = { isa = PBXBuildFile; fileRef = 18E0974111CF5434D2F410C8; };
734127BA5E7076F0386A5BED = { isa = PBXFileReference; lastKnownFileType = sourcecode.swift; path = "OpenAIUsageSentinel/Services/Usage/CodexCLIUsageProvider.swift"; sourceTree = SOURCE_ROOT; };
C881C679EAFC8AACFBF94671 = { isa = PBXBuildFile; fileRef = 734127BA5E7076F0386A5BED; };
C982678F347D1D9E4B237393 = { isa = PBXFileReference; lastKnownFileType = sourcecode.swift; path = "OpenAIUsageSentinel/Services/Usage/UsageProvider.swift"; sourceTree = SOURCE_ROOT; };
F8361B1AA0A5F5DFFE730BD7 = { isa = PBXBuildFile; fileRef = C982678F347D1D9E4B237393; };
A56BF9FA430040DF87A5A7DC = { isa = PBXFileReference; lastKnownFileType = sourcecode.swift; path = "OpenAIUsageSentinel/Utilities/DateParsing.swift"; sourceTree = SOURCE_ROOT; };
EEEED7BF4324BDD84A750A35 = { isa = PBXBuildFile; fileRef = A56BF9FA430040DF87A5A7DC; };
7C314CFF70D5A240858A6D9B = { isa = PBXFileReference; lastKnownFileType = sourcecode.swift; path = "OpenAIUsageSentinel/Utilities/KeychainStore.swift"; sourceTree = SOURCE_ROOT; };
5B325B03E3ACF64BFD89C737 = { isa = PBXBuildFile; fileRef = 7C314CFF70D5A240858A6D9B; };
05C3F8A75C0E0E45C581126B = { isa = PBXFileReference; lastKnownFileType = sourcecode.swift; path = "OpenAIUsageSentinel/Utilities/L10n.swift"; sourceTree = SOURCE_ROOT; };
18F4B98E8587B71C0E1C9B77 = { isa = PBXBuildFile; fileRef = 05C3F8A75C0E0E45C581126B; };
0B0CDFA7812CD4BA3FD056A7 = { isa = PBXFileReference; lastKnownFileType = sourcecode.swift; path = "OpenAIUsageSentinel/Utilities/MenuBarDisplay.swift"; sourceTree = SOURCE_ROOT; };
A53B3E3572FB85B8C5C9AEFF = { isa = PBXBuildFile; fileRef = 0B0CDFA7812CD4BA3FD056A7; };
2EB8AA9A70E94F9460E6DF43 = { isa = PBXFileReference; lastKnownFileType = sourcecode.swift; path = "OpenAIUsageSentinel/Utilities/NotificationText.swift"; sourceTree = SOURCE_ROOT; };
6327EA646BA77EAB8C28B58C = { isa = PBXBuildFile; fileRef = 2EB8AA9A70E94F9460E6DF43; };
0D5892197EADC957E14FCCAF = { isa = PBXFileReference; lastKnownFileType = sourcecode.swift; path = "OpenAIUsageSentinel/Utilities/SentinelStore.swift"; sourceTree = SOURCE_ROOT; };
A0E445534BED7110742E41EA = { isa = PBXBuildFile; fileRef = 0D5892197EADC957E14FCCAF; };
6A89D9004F20F6C1095ECEC6 = { isa = PBXFileReference; lastKnownFileType = sourcecode.swift; path = "OpenAIUsageSentinel/Views/DiagnosticsView.swift"; sourceTree = SOURCE_ROOT; };
6718A10F0EBFE8B1BC646917 = { isa = PBXBuildFile; fileRef = 6A89D9004F20F6C1095ECEC6; };
0A6E4281F7C3814F90459014 = { isa = PBXFileReference; lastKnownFileType = sourcecode.swift; path = "OpenAIUsageSentinel/Views/HistoryView.swift"; sourceTree = SOURCE_ROOT; };
8AE718733F8545E00A2457C6 = { isa = PBXBuildFile; fileRef = 0A6E4281F7C3814F90459014; };
DF327C1214732A3EFF4DA4A7 = { isa = PBXFileReference; lastKnownFileType = sourcecode.swift; path = "OpenAIUsageSentinel/Views/MenuView.swift"; sourceTree = SOURCE_ROOT; };
1A88DB9F7326EFCF09CEB3DE = { isa = PBXBuildFile; fileRef = DF327C1214732A3EFF4DA4A7; };
9DC1B001928EC3E3ACD1BA31 = { isa = PBXFileReference; lastKnownFileType = sourcecode.swift; path = "OpenAIUsageSentinel/Views/SettingsView.swift"; sourceTree = SOURCE_ROOT; };
1B390F6240994238BE8017C2 = { isa = PBXBuildFile; fileRef = 9DC1B001928EC3E3ACD1BA31; };
72214335AB947150E3401F1C = { isa = PBXFileReference; lastKnownFileType = sourcecode.swift; path = "Tests/AgentUsageTests.swift"; sourceTree = SOURCE_ROOT; };
34D4DB3A057AEAF6D0CF01F5 = { isa = PBXBuildFile; fileRef = 72214335AB947150E3401F1C; };
A091DBAFA11E19AC21A57DFB = { isa = PBXFileReference; lastKnownFileType = sourcecode.swift; path = "Tests/LocalizationTests.swift"; sourceTree = SOURCE_ROOT; };
B9AB37A7CCBC19D6D9EC02D0 = { isa = PBXBuildFile; fileRef = A091DBAFA11E19AC21A57DFB; };
C6DAC70FF0E046121885E97A = { isa = PBXFileReference; lastKnownFileType = sourcecode.swift; path = "Tests/MenuBarDisplayTests.swift"; sourceTree = SOURCE_ROOT; };
6C62588C81EE25533945904C = { isa = PBXBuildFile; fileRef = C6DAC70FF0E046121885E97A; };
778B67EC478D2E1F95C80C93 = { isa = PBXFileReference; lastKnownFileType = sourcecode.swift; path = "Tests/SentinelTests.swift"; sourceTree = SOURCE_ROOT; };
3892A4AAD754408A9D8D2F76 = { isa = PBXBuildFile; fileRef = 778B67EC478D2E1F95C80C93; };
1E95FD421FACE8B451E7FD15 = { isa = PBXFileReference; lastKnownFileType = sourcecode.swift; path = "Tests/UsageReminderTests.swift"; sourceTree = SOURCE_ROOT; };
97332401D7F09F6D04D04721 = { isa = PBXBuildFile; fileRef = 1E95FD421FACE8B451E7FD15; };
A38FE3A4B840EFE164AACD53 = { isa = PBXFileReference; lastKnownFileType = image.icns; path = "OpenAIUsageSentinel/Resources/AppIcon.icns"; sourceTree = SOURCE_ROOT; };
5D7BE43FD89520423E3726B9 = { isa = PBXBuildFile; fileRef = A38FE3A4B840EFE164AACD53; };
1380A73FD138BBDC56F9DC6B = { isa = PBXFileReference; lastKnownFileType = text.json; path = "OpenAIUsageSentinel/Resources/Translations.json"; sourceTree = SOURCE_ROOT; };
8F450D03384C7950DB29EE0F = { isa = PBXBuildFile; fileRef = 1380A73FD138BBDC56F9DC6B; };
845F65209D19F1E91A3C573D = { isa = PBXFileReference; explicitFileType = wrapper.application; path = "Usage Sentinel.app"; sourceTree = BUILT_PRODUCTS_DIR; };
9FEED0499F36FF4A8531E2EC = { isa = PBXFileReference; explicitFileType = wrapper.cfbundle; path = SentinelTests.xctest; sourceTree = BUILT_PRODUCTS_DIR; };
FBDC4F23F93125BBEEAE800C = { isa = PBXGroup; name = Products; children = (845F65209D19F1E91A3C573D, 9FEED0499F36FF4A8531E2EC); sourceTree = "<group>"; };
BCE16DD0260827ECF338C787 = { isa = PBXGroup; name = OpenAIUsageSentinel; children = (5BB701732AAD56DF2B27C1E9, 046B1CA5D9DAE5700F688F05, FE43CD6269CEF605C8A82E07, 30D8A3B16C34424037A7B0C8, 3B50971D0FF3F36B9AA0A08F, 4892652FC0221C30A24914E8, 2E4FE8A5A33E93E92C3EF9B2, 052549553E6AF6FC94AF1569, 7DEE71DA0A36BE696F19A0AA, B38609EA90EFFD9FB768CC1E, 9D0FD4D905B322B68E99FDB3, 0121375DE96F31FECCDB4583, F2383CB86A1E555E8C68A74D, 6D3237B82FA0860FEA42CC0C, EFF5C1D965E90268FB20DB2B, 18E0974111CF5434D2F410C8, 734127BA5E7076F0386A5BED, C982678F347D1D9E4B237393, A56BF9FA430040DF87A5A7DC, 7C314CFF70D5A240858A6D9B, 05C3F8A75C0E0E45C581126B, 0B0CDFA7812CD4BA3FD056A7, 2EB8AA9A70E94F9460E6DF43, 0D5892197EADC957E14FCCAF, 6A89D9004F20F6C1095ECEC6, 0A6E4281F7C3814F90459014, DF327C1214732A3EFF4DA4A7, 9DC1B001928EC3E3ACD1BA31, A38FE3A4B840EFE164AACD53, 1380A73FD138BBDC56F9DC6B); sourceTree = "<group>"; };
8B7A6DECC0651D269EA794C7 = { isa = PBXGroup; name = Tests; children = (72214335AB947150E3401F1C, A091DBAFA11E19AC21A57DFB, C6DAC70FF0E046121885E97A, 778B67EC478D2E1F95C80C93, 1E95FD421FACE8B451E7FD15); sourceTree = "<group>"; };
B28B7AF69320201D1CF206EB = { isa = PBXGroup; children = (BCE16DD0260827ECF338C787, 8B7A6DECC0651D269EA794C7, FBDC4F23F93125BBEEAE800C); sourceTree = "<group>"; };
72A8017E75795FC05F78F54C = { isa = PBXSourcesBuildPhase; buildActionMask = 2147483647; files = (8C8598D77D256B2D6C54CAFC, CFA4902532C39161A00444AE, 847A5D8465EC1BE35C565F5E, E7C40F6602160819F0FF50D2, 0469220517ECA02E69ECFD06, 02A66BDD60FB6006D2FDF816, D5A0B9439725FC8C90B39414, 5B129203FE61E5ED46B69330, 219DF71662CC53DD8CA04D14, 76DE34EE521E66D1A3E27A82, AB75CDB0C51FFAA05DF2DB77, 1EDEC7D1271E07EA15168FDF, 54623CD474A4F9520B22BA32, 01FCD22372B790B9A0A09A8C, 7EDE2B50EA30E0CB67EB6278, 85CD2807DC9894E6E70A0E7C, C881C679EAFC8AACFBF94671, F8361B1AA0A5F5DFFE730BD7, EEEED7BF4324BDD84A750A35, 5B325B03E3ACF64BFD89C737, 18F4B98E8587B71C0E1C9B77, A53B3E3572FB85B8C5C9AEFF, 6327EA646BA77EAB8C28B58C, A0E445534BED7110742E41EA, 6718A10F0EBFE8B1BC646917, 8AE718733F8545E00A2457C6, 1A88DB9F7326EFCF09CEB3DE, 1B390F6240994238BE8017C2); runOnlyForDeploymentPostprocessing = 0; };
4584585DAD7442B741159C9E = { isa = PBXSourcesBuildPhase; buildActionMask = 2147483647; files = (34D4DB3A057AEAF6D0CF01F5, B9AB37A7CCBC19D6D9EC02D0, 6C62588C81EE25533945904C, 3892A4AAD754408A9D8D2F76, 97332401D7F09F6D04D04721); runOnlyForDeploymentPostprocessing = 0; };
BEE832DE65DB5CA7507F7EF9 = { isa = PBXFrameworksBuildPhase; buildActionMask = 2147483647; files = (); runOnlyForDeploymentPostprocessing = 0; };
A87BD69C2C022C227E1D9EF3 = { isa = PBXFrameworksBuildPhase; buildActionMask = 2147483647; files = (); runOnlyForDeploymentPostprocessing = 0; };
963488E8A773A44C9A5DC523 = { isa = PBXResourcesBuildPhase; buildActionMask = 2147483647; files = (5D7BE43FD89520423E3726B9, 8F450D03384C7950DB29EE0F); runOnlyForDeploymentPostprocessing = 0; };
D799BAE6088A90139B415FCC = { isa = PBXContainerItemProxy; containerPortal = 98F54143AB4E86B28C3AFEE0; proxyType = 1; remoteGlobalIDString = 4F6027D858B72CC70E5CC8E9; remoteInfo = OpenAIUsageSentinel; };
DE58E2B17C19600779694943 = { isa = PBXTargetDependency; target = 4F6027D858B72CC70E5CC8E9; targetProxy = D799BAE6088A90139B415FCC; };
89E1FD6268CC0F221A2BE178 = { isa = XCBuildConfiguration; name = Debug; buildSettings = {MACOSX_DEPLOYMENT_TARGET = "14.0";SDKROOT = "macosx";SWIFT_VERSION = "5.0";CLANG_ENABLE_MODULES = "YES";SWIFT_STRICT_CONCURRENCY = "targeted";CODE_SIGN_IDENTITY = "-";CODE_SIGN_STYLE = "Manual";ENABLE_USER_SCRIPT_SANDBOXING = "YES";SWIFT_OPTIMIZATION_LEVEL = "-Onone";DEBUG_INFORMATION_FORMAT = "dwarf";ENABLE_TESTABILITY = "YES";SWIFT_ACTIVE_COMPILATION_CONDITIONS = "DEBUG";}; };
E6DE6C99132752C914FEF632 = { isa = XCBuildConfiguration; name = Release; buildSettings = {MACOSX_DEPLOYMENT_TARGET = "14.0";SDKROOT = "macosx";SWIFT_VERSION = "5.0";CLANG_ENABLE_MODULES = "YES";SWIFT_STRICT_CONCURRENCY = "targeted";CODE_SIGN_IDENTITY = "-";CODE_SIGN_STYLE = "Manual";ENABLE_USER_SCRIPT_SANDBOXING = "YES";SWIFT_OPTIMIZATION_LEVEL = "-O";DEBUG_INFORMATION_FORMAT = "dwarf-with-dsym";}; };
BC7E287B75C6D3E574547D08 = { isa = XCConfigurationList; buildConfigurations = (89E1FD6268CC0F221A2BE178, E6DE6C99132752C914FEF632); defaultConfigurationIsVisible = 0; defaultConfigurationName = Release; };
E9B2E96ABC5F6856F2BE79CF = { isa = XCBuildConfiguration; name = Debug; buildSettings = {MACOSX_DEPLOYMENT_TARGET = "14.0";SDKROOT = "macosx";SWIFT_VERSION = "5.0";CLANG_ENABLE_MODULES = "YES";SWIFT_STRICT_CONCURRENCY = "targeted";CODE_SIGN_IDENTITY = "-";CODE_SIGN_STYLE = "Manual";ENABLE_USER_SCRIPT_SANDBOXING = "YES";PRODUCT_NAME = "Usage Sentinel";PRODUCT_MODULE_NAME = "OpenAIUsageSentinel";PRODUCT_BUNDLE_IDENTIFIER = "com.jingteng.openai-usage-sentinel";INFOPLIST_FILE = "OpenAIUsageSentinel/Info.plist";ENABLE_APP_SANDBOX = "NO";ENABLE_HARDENED_RUNTIME = "NO";OTHER_LDFLAGS = "$(inherited) -lsqlite3";LD_RUNPATH_SEARCH_PATHS = "$(inherited) @executable_path/../Frameworks";SWIFT_EMIT_LOC_STRINGS = "YES";SWIFT_OPTIMIZATION_LEVEL = "-Onone";DEBUG_INFORMATION_FORMAT = "dwarf";ENABLE_TESTABILITY = "YES";SWIFT_ACTIVE_COMPILATION_CONDITIONS = "DEBUG";}; };
5A8C91857F674E16E2724F47 = { isa = XCBuildConfiguration; name = Release; buildSettings = {MACOSX_DEPLOYMENT_TARGET = "14.0";SDKROOT = "macosx";SWIFT_VERSION = "5.0";CLANG_ENABLE_MODULES = "YES";SWIFT_STRICT_CONCURRENCY = "targeted";CODE_SIGN_IDENTITY = "-";CODE_SIGN_STYLE = "Manual";ENABLE_USER_SCRIPT_SANDBOXING = "YES";PRODUCT_NAME = "Usage Sentinel";PRODUCT_MODULE_NAME = "OpenAIUsageSentinel";PRODUCT_BUNDLE_IDENTIFIER = "com.jingteng.openai-usage-sentinel";INFOPLIST_FILE = "OpenAIUsageSentinel/Info.plist";ENABLE_APP_SANDBOX = "NO";ENABLE_HARDENED_RUNTIME = "NO";OTHER_LDFLAGS = "$(inherited) -lsqlite3";LD_RUNPATH_SEARCH_PATHS = "$(inherited) @executable_path/../Frameworks";SWIFT_EMIT_LOC_STRINGS = "YES";SWIFT_OPTIMIZATION_LEVEL = "-O";DEBUG_INFORMATION_FORMAT = "dwarf-with-dsym";}; };
60EA43DB068BD71C9709BED5 = { isa = XCConfigurationList; buildConfigurations = (E9B2E96ABC5F6856F2BE79CF, 5A8C91857F674E16E2724F47); defaultConfigurationIsVisible = 0; defaultConfigurationName = Release; };
0F3D67935A4F199E058A017A = { isa = XCBuildConfiguration; name = Debug; buildSettings = {MACOSX_DEPLOYMENT_TARGET = "14.0";SDKROOT = "macosx";SWIFT_VERSION = "5.0";CLANG_ENABLE_MODULES = "YES";SWIFT_STRICT_CONCURRENCY = "targeted";CODE_SIGN_IDENTITY = "-";CODE_SIGN_STYLE = "Manual";ENABLE_USER_SCRIPT_SANDBOXING = "YES";PRODUCT_NAME = "SentinelTests";PRODUCT_BUNDLE_IDENTIFIER = "com.jingteng.openai-usage-sentinel.tests";GENERATE_INFOPLIST_FILE = "YES";TEST_HOST = "$(BUILT_PRODUCTS_DIR)/Usage Sentinel.app/Contents/MacOS/Usage Sentinel";BUNDLE_LOADER = "$(TEST_HOST)";LD_RUNPATH_SEARCH_PATHS = "$(inherited) @executable_path/../Frameworks @loader_path/../Frameworks";SWIFT_OPTIMIZATION_LEVEL = "-Onone";DEBUG_INFORMATION_FORMAT = "dwarf";ENABLE_TESTABILITY = "YES";SWIFT_ACTIVE_COMPILATION_CONDITIONS = "DEBUG";}; };
20B70E15FDC36C625E57F658 = { isa = XCBuildConfiguration; name = Release; buildSettings = {MACOSX_DEPLOYMENT_TARGET = "14.0";SDKROOT = "macosx";SWIFT_VERSION = "5.0";CLANG_ENABLE_MODULES = "YES";SWIFT_STRICT_CONCURRENCY = "targeted";CODE_SIGN_IDENTITY = "-";CODE_SIGN_STYLE = "Manual";ENABLE_USER_SCRIPT_SANDBOXING = "YES";PRODUCT_NAME = "SentinelTests";PRODUCT_BUNDLE_IDENTIFIER = "com.jingteng.openai-usage-sentinel.tests";GENERATE_INFOPLIST_FILE = "YES";TEST_HOST = "$(BUILT_PRODUCTS_DIR)/Usage Sentinel.app/Contents/MacOS/Usage Sentinel";BUNDLE_LOADER = "$(TEST_HOST)";LD_RUNPATH_SEARCH_PATHS = "$(inherited) @executable_path/../Frameworks @loader_path/../Frameworks";SWIFT_OPTIMIZATION_LEVEL = "-O";DEBUG_INFORMATION_FORMAT = "dwarf-with-dsym";}; };
EC78861A60CD111A3D8A2421 = { isa = XCConfigurationList; buildConfigurations = (0F3D67935A4F199E058A017A, 20B70E15FDC36C625E57F658); defaultConfigurationIsVisible = 0; defaultConfigurationName = Release; };
4F6027D858B72CC70E5CC8E9 = { isa = PBXNativeTarget; name = OpenAIUsageSentinel; productName = OpenAIUsageSentinel; productType = "com.apple.product-type.application"; productReference = 845F65209D19F1E91A3C573D; buildConfigurationList = 60EA43DB068BD71C9709BED5; buildPhases = (72A8017E75795FC05F78F54C,BEE832DE65DB5CA7507F7EF9,963488E8A773A44C9A5DC523); dependencies = (); buildRules = (); };
0A06C5E2DA34E686D888A695 = { isa = PBXNativeTarget; name = SentinelTests; productName = SentinelTests; productType = "com.apple.product-type.bundle.unit-test"; productReference = 9FEED0499F36FF4A8531E2EC; buildConfigurationList = EC78861A60CD111A3D8A2421; buildPhases = (4584585DAD7442B741159C9E,A87BD69C2C022C227E1D9EF3); dependencies = (DE58E2B17C19600779694943); buildRules = (); };
98F54143AB4E86B28C3AFEE0 = { isa = PBXProject; attributes = { LastUpgradeCheck = 2700; }; buildConfigurationList = BC7E287B75C6D3E574547D08; compatibilityVersion = "Xcode 14.0"; developmentRegion = en; knownRegions = (en, Base); mainGroup = B28B7AF69320201D1CF206EB; productRefGroup = FBDC4F23F93125BBEEAE800C; projectDirPath = ""; projectRoot = ""; targets = (4F6027D858B72CC70E5CC8E9,0A06C5E2DA34E686D888A695); };
}; rootObject = 98F54143AB4E86B28C3AFEE0; }
